
Microsoft Visual Studio Solution File, Format Version 12.00
# Visual Studio 2015
Project("{FAE04EC0-301F-11D3-BF4B-00C04F79EFBC}") = "BatmanVSSuperman.CSharp.Plugins", "BatmanVSSuperman.CSharp.Plugins.csproj", "{B2373BAD-97CC-FCEF-4A7F-F47C50FB6C9B}"
EndProject
Project("{FAE04EC0-301F-11D3-BF4B-00C04F79EFBC}") = "BatmanVSSuperman.CSharp", "BatmanVSSuperman.CSharp.csproj", "{6AAC4700-3E85-0175-CE11-A61E4BE1CF24}"
EndProject
Project("{FAE04EC0-301F-11D3-BF4B-00C04F79EFBC}") = "BatmanVSSuperman.CSharp.Editor", "BatmanVSSuperman.CSharp.Editor.csproj", "{35FCBB15-4747-C0E3-523F-24E57BA14D25}"
EndProject
Global
	GlobalSection(SolutionConfigurationPlatforms) = preSolution
		Debug|Any CPU = Debug|Any CPU
		Release|Any CPU = Release|Any CPU
	EndGlobalSection
	GlobalSection(ProjectConfigurationPlatforms) = postSolution
		{B2373BAD-97CC-FCEF-4A7F-F47C50FB6C9B}.Debug|Any CPU.ActiveCfg = Debug|Any CPU
		{B2373BAD-97CC-FCEF-4A7F-F47C50FB6C9B}.Debug|Any CPU.Build.0 = Debug|Any CPU
		{B2373BAD-97CC-FCEF-4A7F-F47C50FB6C9B}.Release|Any CPU.ActiveCfg = Release|Any CPU
		{B2373BAD-97CC-FCEF-4A7F-F47C50FB6C9B}.Release|Any CPU.Build.0 = Release|Any CPU
		{6AAC4700-3E85-0175-CE11-A61E4BE1CF24}.Debug|Any CPU.ActiveCfg = Debug|Any CPU
		{6AAC4700-3E85-0175-CE11-A61E4BE1CF24}.Debug|Any CPU.Build.0 = Debug|Any CPU
		{6AAC4700-3E85-0175-CE11-A61E4BE1CF24}.Release|Any CPU.ActiveCfg = Release|Any CPU
		{6AAC4700-3E85-0175-CE11-A61E4BE1CF24}.Release|Any CPU.Build.0 = Release|Any CPU
		{35FCBB15-4747-C0E3-523F-24E57BA14D25}.Debug|Any CPU.ActiveCfg = Debug|Any CPU
		{35FCBB15-4747-C0E3-523F-24E57BA14D25}.Debug|Any CPU.Build.0 = Debug|Any CPU
		{35FCBB15-4747-C0E3-523F-24E57BA14D25}.Release|Any CPU.ActiveCfg = Release|Any CPU
		{35FCBB15-4747-C0E3-523F-24E57BA14D25}.Release|Any CPU.Build.0 = Release|Any CPU
	EndGlobalSection
	GlobalSection(SolutionProperties) = preSolution
		HideSolutionNode = FALSE
	EndGlobalSection
EndGlobal
